
Microsoft Visual Studio Solution File, Format Version 12.00
# Visual Studio 15
VisualStudioVersion = 15.0.28010.0
MinimumVisualStudioVersion = 10.0.40219.1
Project("{8BC9CEB8-8B4A-11D0-8D11-00A0C91BC942}") = "OpenSoundRefenation", "OpenSoundRefenation.vcxproj", "{3BCAFC30-1810-3BA9-9FDB-0C781F1F4E7F}"
	ProjectSection(ProjectDependencies) = postProject
		{AE802C47-E948-4269-ADE3-C4F1E76EC5A0} = {AE802C47-E948-4269-ADE3-C4F1E76EC5A0}
		{6E43CD6F-6AD0-4544-A368-05359BFE7813} = {6E43CD6F-6AD0-4544-A368-05359BFE7813}
		{7E69DDBF-C4A7-43A1-935F-51675C59F536} = {7E69DDBF-C4A7-43A1-935F-51675C59F536}
		{ECE873F6-28C2-4865-B409-0BA07CCC6D64} = {ECE873F6-28C2-4865-B409-0BA07CCC6D64}
	EndProjectSection
EndProject
Project("{8BC9CEB8-8B4A-11D0-8D11-00A0C91BC942}") = "osrMixer", "osrMixer\osrMixer.vcxproj", "{AE802C47-E948-4269-ADE3-C4F1E76EC5A0}"
	ProjectSection(ProjectDependencies) = postProject
		{6E43CD6F-6AD0-4544-A368-05359BFE7813} = {6E43CD6F-6AD0-4544-A368-05359BFE7813}
		{ECE873F6-28C2-4865-B409-0BA07CCC6D64} = {ECE873F6-28C2-4865-B409-0BA07CCC6D64}
	EndProjectSection
EndProject
Project("{8BC9CEB8-8B4A-11D0-8D11-00A0C91BC942}") = "osrDecoder", "osrDecoder\osrDecoder.vcxproj", "{6E43CD6F-6AD0-4544-A368-05359BFE7813}"
	ProjectSection(ProjectDependencies) = postProject
		{ECE873F6-28C2-4865-B409-0BA07CCC6D64} = {ECE873F6-28C2-4865-B409-0BA07CCC6D64}
	EndProjectSection
EndProject
Project("{8BC9CEB8-8B4A-11D0-8D11-00A0C91BC942}") = "osrKernel", "osrKernel\osrKernel.vcxproj", "{ECE873F6-28C2-4865-B409-0BA07CCC6D64}"
EndProject
Project("{2150E333-8FDC-42A3-9474-1A3956D46DE8}") = "DAW", "DAW", "{79F11882-CB9B-4C0D-8BF4-E095B27867E8}"
EndProject
Project("{2150E333-8FDC-42A3-9474-1A3956D46DE8}") = "Other modules", "Other modules", "{1F5C5CFD-8B25-4CBD-AB97-90A17F3CC016}"
EndProject
Project("{8BC9CEB8-8B4A-11D0-8D11-00A0C91BC942}") = "osrNetwork", "osrNetworkRecord\osrNetworkRecord.vcxproj", "{1D469515-500E-4CE7-A340-D110E798931A}"
EndProject
Project("{8BC9CEB8-8B4A-11D0-8D11-00A0C91BC942}") = "osrUI", "osrUI\osrUI.vcxproj", "{7E69DDBF-C4A7-43A1-935F-51675C59F536}"
EndProject
Global
	GlobalSection(SolutionConfigurationPlatforms) = preSolution
		Debug|x64 = Debug|x64
		Release|x64 = Release|x64
	EndGlobalSection
	GlobalSection(ProjectConfigurationPlatforms) = postSolution
		{3BCAFC30-1810-3BA9-9FDB-0C781F1F4E7F}.Debug|x64.ActiveCfg = Debug|x64
		{3BCAFC30-1810-3BA9-9FDB-0C781F1F4E7F}.Debug|x64.Build.0 = Debug|x64
		{3BCAFC30-1810-3BA9-9FDB-0C781F1F4E7F}.Release|x64.ActiveCfg = Release|x64
		{3BCAFC30-1810-3BA9-9FDB-0C781F1F4E7F}.Release|x64.Build.0 = Release|x64
		{AE802C47-E948-4269-ADE3-C4F1E76EC5A0}.Debug|x64.ActiveCfg = Debug|x64
		{AE802C47-E948-4269-ADE3-C4F1E76EC5A0}.Debug|x64.Build.0 = Debug|x64
		{AE802C47-E948-4269-ADE3-C4F1E76EC5A0}.Release|x64.ActiveCfg = Release|x64
		{AE802C47-E948-4269-ADE3-C4F1E76EC5A0}.Release|x64.Build.0 = Release|x64
		{6E43CD6F-6AD0-4544-A368-05359BFE7813}.Debug|x64.ActiveCfg = Debug|x64
		{6E43CD6F-6AD0-4544-A368-05359BFE7813}.Debug|x64.Build.0 = Debug|x64
		{6E43CD6F-6AD0-4544-A368-05359BFE7813}.Release|x64.ActiveCfg = Release|x64
		{6E43CD6F-6AD0-4544-A368-05359BFE7813}.Release|x64.Build.0 = Release|x64
		{ECE873F6-28C2-4865-B409-0BA07CCC6D64}.Debug|x64.ActiveCfg = Debug|x64
		{ECE873F6-28C2-4865-B409-0BA07CCC6D64}.Debug|x64.Build.0 = Debug|x64
		{ECE873F6-28C2-4865-B409-0BA07CCC6D64}.Release|x64.ActiveCfg = Release|x64
		{ECE873F6-28C2-4865-B409-0BA07CCC6D64}.Release|x64.Build.0 = Release|x64
		{1D469515-500E-4CE7-A340-D110E798931A}.Debug|x64.ActiveCfg = Debug|x64
		{1D469515-500E-4CE7-A340-D110E798931A}.Debug|x64.Build.0 = Debug|x64
		{1D469515-500E-4CE7-A340-D110E798931A}.Release|x64.ActiveCfg = Release|x64
		{1D469515-500E-4CE7-A340-D110E798931A}.Release|x64.Build.0 = Release|x64
		{7E69DDBF-C4A7-43A1-935F-51675C59F536}.Debug|x64.ActiveCfg = Debug|x64
		{7E69DDBF-C4A7-43A1-935F-51675C59F536}.Debug|x64.Build.0 = Debug|x64
		{7E69DDBF-C4A7-43A1-935F-51675C59F536}.Release|x64.ActiveCfg = Release|x64
		{7E69DDBF-C4A7-43A1-935F-51675C59F536}.Release|x64.Build.0 = Release|x64
	EndGlobalSection
	GlobalSection(SolutionProperties) = preSolution
		HideSolutionNode = FALSE
	EndGlobalSection
	GlobalSection(NestedProjects) = preSolution
		{3BCAFC30-1810-3BA9-9FDB-0C781F1F4E7F} = {79F11882-CB9B-4C0D-8BF4-E095B27867E8}
		{AE802C47-E948-4269-ADE3-C4F1E76EC5A0} = {79F11882-CB9B-4C0D-8BF4-E095B27867E8}
		{6E43CD6F-6AD0-4544-A368-05359BFE7813} = {79F11882-CB9B-4C0D-8BF4-E095B27867E8}
		{ECE873F6-28C2-4865-B409-0BA07CCC6D64} = {79F11882-CB9B-4C0D-8BF4-E095B27867E8}
		{1D469515-500E-4CE7-A340-D110E798931A} = {1F5C5CFD-8B25-4CBD-AB97-90A17F3CC016}
		{7E69DDBF-C4A7-43A1-935F-51675C59F536} = {79F11882-CB9B-4C0D-8BF4-E095B27867E8}
	EndGlobalSection
	GlobalSection(ExtensibilityGlobals) = postSolution
		SolutionGuid = {06B8714A-EC61-4E5C-926A-C5A955DED76A}
	EndGlobalSection
EndGlobal
