<?xml version="1.0" encoding="utf-8"?>
<Project ToolsVersion="4.0" xmlns="http://schemas.microsoft.com/developer/msbuild/2003">
  <ItemGroup>
    <Filter Include="Other">
      <UniqueIdentifier>{5be5cb17-8f32-4549-b2ac-62392e87c02d}</UniqueIdentifier>
    </Filter>
    <Filter Include="Kernel">
      <UniqueIdentifier>{3f00c030-fcf4-4335-86b9-f4aba92db6f2}</UniqueIdentifier>
    </Filter>
    <Filter Include="Other\Source Files">
      <UniqueIdentifier>{4FC737F1-C7A5-4376-A066-2A32D752A2FF}</UniqueIdentifier>
      <Extensions>cpp;c;cc;cxx;def;odl;idl;hpj;bat;asm;asmx</Extensions>
    </Filter>
    <Filter Include="Other\Resource Files">
      <UniqueIdentifier>{67DA6AB6-F800-4c08-8B7A-83BB121AAD01}</UniqueIdentifier>
      <Extensions>rc;ico;cur;bmp;dlg;rc2;rct;bin;rgs;gif;jpg;jpeg;jpe;resx;tiff;tif;png;wav;mfcribbon-ms</Extensions>
    </Filter>
    <Filter Include="Other\Header Files">
      <UniqueIdentifier>{93995380-89BD-4b04-88EB-625FBE52EBFB}</UniqueIdentifier>
      <Extensions>h;hh;hpp;hxx;hm;inl;inc;ipp;xsd</Extensions>
    </Filter>
  </ItemGroup>
  <ItemGroup>
    <ClInclude Include="OSR.h">
      <Filter>Kernel</Filter>
    </ClInclude>
    <ClInclude Include="targetver.h">
      <Filter>Other\Header Files</Filter>
    </ClInclude>
    <ClInclude Include="stdafx.h">
      <Filter>Other\Header Files</Filter>
    </ClInclude>
    <ClInclude Include="KernCPU.h">
      <Filter>Kernel</Filter>
    </ClInclude>
    <ClInclude Include="OSRWin32kernel.h">
      <Filter>Kernel</Filter>
    </ClInclude>
    <ClInclude Include="ThreadSystem.h">
      <Filter>Kernel</Filter>
    </ClInclude>
    <ClInclude Include="ProcessManager.h">
      <Filter>Kernel</Filter>
    </ClInclude>
  </ItemGroup>
  <ItemGroup>
    <ClCompile Include="stdafx.cpp">
      <Filter>Other\Source Files</Filter>
    </ClCompile>
    <ClCompile Include="dllmain.cpp">
      <Filter>Other\Source Files</Filter>
    </ClCompile>
    <ClCompile Include="OSRFileSystem.cpp">
      <Filter>Kernel</Filter>
    </ClCompile>
    <ClCompile Include="osrKernel.cpp">
      <Filter>Kernel</Filter>
    </ClCompile>
    <ClCompile Include="KernCPU.cpp">
      <Filter>Kernel</Filter>
    </ClCompile>
    <ClCompile Include="win32kernel.cpp">
      <Filter>Kernel</Filter>
    </ClCompile>
    <ClCompile Include="ThreadSystem.cpp">
      <Filter>Kernel</Filter>
    </ClCompile>
    <ClCompile Include="ProcessManager.cpp">
      <Filter>Kernel</Filter>
    </ClCompile>
  </ItemGroup>
</Project>